{
  "originHash" : "442e2eeb878f139bf615c24f872eb76df0f290f14a41e266d5866a2b0df53da0",
  "pins" : [
    {
      "identity" : "shipinkit",
      "kind" : "remoteSourceControl",
      "location" : "https://github.com/rryam/ShipinKit",
      "state" : {
        "branch" : "main",
        "revision" : "d34a2137662c79bb0c0b19858b2615247aedb580"
      }
    }
  ],
  "version" : 3
}
