{
  "originHash" : "f8fc4f5f107a34bd159cb725372d4586dca206819560a8cbf00f94a188fee5b1",
  "pins" : [
    {
      "identity" : "runveykit",
      "kind" : "remoteSourceControl",
      "location" : "https://github.com/rryam/RunveyKit",
      "state" : {
        "branch" : "main",
        "revision" : "3e8a01484eb81404207527eead43a01d4fcb1541"
      }
    }
  ],
  "version" : 3
}
