{
  "originHash" : "f8fc4f5f107a34bd159cb725372d4586dca206819560a8cbf00f94a188fee5b1",
  "pins" : [
    {
      "identity" : "runveykit",
      "kind" : "remoteSourceControl",
      "location" : "https://github.com/rryam/RunveyKit",
      "state" : {
        "branch" : "main",
        "revision" : "18642837f11bdfde22e5f1bd50c4480e58969869"
      }
    }
  ],
  "version" : 3
}
